// !$*UTF8*$!
{
	archiveVersion = 1;
	classes = {
	};
	objectVersion = 56;
	objects = {

/* Begin PBXBuildFile section */
		B4C76B2A293248A8005AD4AD /* App.swift in Sources */ = {isa = PBXBuildFile; fileRef = B4C76B29293248A8005AD4AD /* App.swift */; };
		B4C76B2C293248A8005AD4AD /* RepositoryListView.swift in Sources */ = {isa = PBXBuildFile; fileRef = B4C76B2B293248A8005AD4AD /* RepositoryListView.swift */; };
		B4C76B2E293248B2005AD4AD /* Assets.xcassets in Resources */ = {isa = PBXBuildFile; fileRef = B4C76B2D293248B2005AD4AD /* Assets.xcassets */; };
		B4C76B31293248B2005AD4AD /* Preview Assets.xcassets in Resources */ = {isa = PBXBuildFile; fileRef = B4C76B30293248B2005AD4AD /* Preview Assets.xcassets */; };
		B4C76B3B293248B6005AD4AD /* git_treeTests.swift in Sources */ = {isa = PBXBuildFile; fileRef = B4C76B3A293248B6005AD4AD /* git_treeTests.swift */; };
		B4C76B45293248B6005AD4AD /* git_treeUITests.swift in Sources */ = {isa = PBXBuildFile; fileRef = B4C76B44293248B6005AD4AD /* git_treeUITests.swift */; };
		B4C76B47293248B6005AD4AD /* git_treeUITestsLaunchTests.swift in Sources */ = {isa = PBXBuildFile; fileRef = B4C76B46293248B6005AD4AD /* git_treeUITestsLaunchTests.swift */; };
		B4C76B5A29324BEB005AD4AD /* GitClient.swift in Sources */ = {isa = PBXBuildFile; fileRef = B4C76B5929324BEB005AD4AD /* GitClient.swift */; };
		B4C76B5D293258AA005AD4AD /* DocumentPickerView.swift in Sources */ = {isa = PBXBuildFile; fileRef = B4C76B5C293258AA005AD4AD /* DocumentPickerView.swift */; };
		B4C76B64293267AA005AD4AD /* RepositoryInfoModel.swift in Sources */ = {isa = PBXBuildFile; fileRef = B4C76B63293267AA005AD4AD /* RepositoryInfoModel.swift */; };
		B4C76B6829326AF9005AD4AD /* RepositoryView.swift in Sources */ = {isa = PBXBuildFile; fileRef = B4C76B6729326AF9005AD4AD /* RepositoryView.swift */; };
		B4C76B6A2933654C005AD4AD /* RepositoryViewModel.swift in Sources */ = {isa = PBXBuildFile; fileRef = B4C76B692933654C005AD4AD /* RepositoryViewModel.swift */; };
		B4C76B6C293385E4005AD4AD /* RepositoryListViewModel.swift in Sources */ = {isa = PBXBuildFile; fileRef = B4C76B6B293385E4005AD4AD /* RepositoryListViewModel.swift */; };
		B4C76B6E29338FBA005AD4AD /* RemoteCredentialsModel.swift in Sources */ = {isa = PBXBuildFile; fileRef = B4C76B6D29338FBA005AD4AD /* RemoteCredentialsModel.swift */; };
		B4C76B70293390E7005AD4AD /* IconWithText.swift in Sources */ = {isa = PBXBuildFile; fileRef = B4C76B6F293390E7005AD4AD /* IconWithText.swift */; };
		B4C76B722933922F005AD4AD /* RemoteCredentialsView.swift in Sources */ = {isa = PBXBuildFile; fileRef = B4C76B712933922F005AD4AD /* RemoteCredentialsView.swift */; };
		B4C76B742933936C005AD4AD /* RemoteCredentialsViewModel.swift in Sources */ = {isa = PBXBuildFile; fileRef = B4C76B732933936C005AD4AD /* RemoteCredentialsViewModel.swift */; };
		B4C76B7629339E1E005AD4AD /* KeychainConfiguration.swift in Sources */ = {isa = PBXBuildFile; fileRef = B4C76B7529339E1E005AD4AD /* KeychainConfiguration.swift */; };
		B4C76B7929339FBF005AD4AD /* KeychainHelper.swift in Sources */ = {isa = PBXBuildFile; fileRef = B4C76B7829339FBF005AD4AD /* KeychainHelper.swift */; };
		B4C76B7B2933A4AC005AD4AD /* ChangedFileModel.swift in Sources */ = {isa = PBXBuildFile; fileRef = B4C76B7A2933A4AC005AD4AD /* ChangedFileModel.swift */; };
		B4C76B7D2933A559005AD4AD /* ChangedFileView.swift in Sources */ = {isa = PBXBuildFile; fileRef = B4C76B7C2933A559005AD4AD /* ChangedFileView.swift */; };
		B4C76B7F2933C241005AD4AD /* Colors.swift in Sources */ = {isa = PBXBuildFile; fileRef = B4C76B7E2933C241005AD4AD /* Colors.swift */; };
		B4C76B812933C5A2005AD4AD /* SplashScreenView.swift in Sources */ = {isa = PBXBuildFile; fileRef = B4C76B802933C5A2005AD4AD /* SplashScreenView.swift */; };
		B4C76B852939CAAF005AD4AD /* CloneRemoteRepositoryScreenView.swift in Sources */ = {isa = PBXBuildFile; fileRef = B4C76B842939CAAF005AD4AD /* CloneRemoteRepositoryScreenView.swift */; };
		B4C76B872939CF00005AD4AD /* RemoteCredentialsScreenView.swift in Sources */ = {isa = PBXBuildFile; fileRef = B4C76B862939CF00005AD4AD /* RemoteCredentialsScreenView.swift */; };
		B4C76B892939D051005AD4AD /* RemoteRepositoryView.swift in Sources */ = {isa = PBXBuildFile; fileRef = B4C76B882939D051005AD4AD /* RemoteRepositoryView.swift */; };
		B4C7CC612939DCBB00250EA6 /* AddRepositoryScreenView.swift in Sources */ = {isa = PBXBuildFile; fileRef = B4C7CC602939DCBB00250EA6 /* AddRepositoryScreenView.swift */; };
		B4C7CC67293CACFA00250EA6 /* RepositoryAsyncOperationView.swift in Sources */ = {isa = PBXBuildFile; fileRef = B4C7CC66293CACFA00250EA6 /* RepositoryAsyncOperationView.swift */; };
		B4C7CC69293CAD4600250EA6 /* RepositoryAsyncOperation.swift in Sources */ = {isa = PBXBuildFile; fileRef = B4C7CC68293CAD4600250EA6 /* RepositoryAsyncOperation.swift */; };
		B4E9F5162C7DAD4300A7BEF0 /* ObjectiveGit.framework in Frameworks */ = {isa = PBXBuildFile; fileRef = B4C76B5429324B0A005AD4AD /* ObjectiveGit.framework */; };
		B4E9F5172C7DAD4300A7BEF0 /* ObjectiveGit.framework in Embed Frameworks */ = {isa = PBXBuildFile; fileRef = B4C76B5429324B0A005AD4AD /* ObjectiveGit.framework */; settings = {ATTRIBUTES = (CodeSignOnCopy, RemoveHeadersOnCopy, ); }; };
		B4E9F51A2C7E330900A7BEF0 /* RepositoryError.swift in Sources */ = {isa = PBXBuildFile; fileRef = B4E9F5192C7E330900A7BEF0 /* RepositoryError.swift */; };
		B4E9F51C2C7E33BF00A7BEF0 /* ErrorDescription.swift in Sources */ = {isa = PBXBuildFile; fileRef = B4E9F51B2C7E33BF00A7BEF0 /* ErrorDescription.swift */; };
		B4E9F51E2C7E347F00A7BEF0 /* View+ErrorMessage.swift in Sources */ = {isa = PBXBuildFile; fileRef = B4E9F51D2C7E347F00A7BEF0 /* View+ErrorMessage.swift */; };
		B4E9F51F2C7E773300A7BEF0 /* ObjectiveGit.framework in Frameworks */ = {isa = PBXBuildFile; fileRef = B4C76B5429324B0A005AD4AD /* ObjectiveGit.framework */; };
		B4E9F5202C7E773300A7BEF0 /* ObjectiveGit.framework in Embed Frameworks */ = {isa = PBXBuildFile; fileRef = B4C76B5429324B0A005AD4AD /* ObjectiveGit.framework */; settings = {ATTRIBUTES = (CodeSignOnCopy, RemoveHeadersOnCopy, ); }; };
		B4E9F5222C7E774000A7BEF0 /* ObjectiveGit.framework in Frameworks */ = {isa = PBXBuildFile; fileRef = B4C76B5429324B0A005AD4AD /* ObjectiveGit.framework */; };
		B4E9F5232C7E774000A7BEF0 /* ObjectiveGit.framework in Embed Frameworks */ = {isa = PBXBuildFile; fileRef = B4C76B5429324B0A005AD4AD /* ObjectiveGit.framework */; settings = {ATTRIBUTES = (CodeSignOnCopy, RemoveHeadersOnCopy, ); }; };
/* End PBXBuildFile section */

/* Begin PBXContainerItemProxy section */
		B4C76B37293248B6005AD4AD /* PBXContainerItemProxy */ = {
			isa = PBXContainerItemProxy;
			containerPortal = B4C76B1E293248A8005AD4AD /* Project object */;
			proxyType = 1;
			remoteGlobalIDString = B4C76B25293248A8005AD4AD;
			remoteInfo = "git-tree";
		};
		B4C76B41293248B6005AD4AD /* PBXContainerItemProxy */ = {
			isa = PBXContainerItemProxy;
			containerPortal = B4C76B1E293248A8005AD4AD /* Project object */;
			proxyType = 1;
			remoteGlobalIDString = B4C76B25293248A8005AD4AD;
			remoteInfo = "git-tree";
		};
/* End PBXContainerItemProxy section */

/* Begin PBXCopyFilesBuildPhase section */
		B4E9F5182C7DAD4300A7BEF0 /* Embed Frameworks */ = {
			isa = PBXCopyFilesBuildPhase;
			buildActionMask = 2147483647;
			dstPath = "";
			dstSubfolderSpec = 10;
			files = (
				B4E9F5172C7DAD4300A7BEF0 /* ObjectiveGit.framework in Embed Frameworks */,
			);
			name = "Embed Frameworks";
			runOnlyForDeploymentPostprocessing = 0;
		};
		B4E9F5212C7E773300A7BEF0 /* Embed Frameworks */ = {
			isa = PBXCopyFilesBuildPhase;
			buildActionMask = 2147483647;
			dstPath = "";
			dstSubfolderSpec = 10;
			files = (
				B4E9F5202C7E773300A7BEF0 /* ObjectiveGit.framework in Embed Frameworks */,
			);
			name = "Embed Frameworks";
			runOnlyForDeploymentPostprocessing = 0;
		};
		B4E9F5242C7E774000A7BEF0 /* Embed Frameworks */ = {
			isa = PBXCopyFilesBuildPhase;
			buildActionMask = 2147483647;
			dstPath = "";
			dstSubfolderSpec = 10;
			files = (
				B4E9F5232C7E774000A7BEF0 /* ObjectiveGit.framework in Embed Frameworks */,
			);
			name = "Embed Frameworks";
			runOnlyForDeploymentPostprocessing = 0;
		};
/* End PBXCopyFilesBuildPhase section */

/* Begin PBXFileReference section */
		B4C76B26293248A8005AD4AD /* git-tree.app */ = {isa = PBXFileReference; explicitFileType = wrapper.application; includeInIndex = 0; path = "git-tree.app"; sourceTree = BUILT_PRODUCTS_DIR; };
		B4C76B29293248A8005AD4AD /* App.swift */ = {isa = PBXFileReference; lastKnownFileType = sourcecode.swift; path = App.swift; sourceTree = "<group>"; };
		B4C76B2B293248A8005AD4AD /* RepositoryListView.swift */ = {isa = PBXFileReference; lastKnownFileType = sourcecode.swift; path = RepositoryListView.swift; sourceTree = "<group>"; };
		B4C76B2D293248B2005AD4AD /* Assets.xcassets */ = {isa = PBXFileReference; lastKnownFileType = folder.assetcatalog; path = Assets.xcassets; sourceTree = "<group>"; };
		B4C76B30293248B2005AD4AD /* Preview Assets.xcassets */ = {isa = PBXFileReference; lastKnownFileType = folder.assetcatalog; path = "Preview Assets.xcassets"; sourceTree = "<group>"; };
		B4C76B36293248B6005AD4AD /* git-treeTests.xctest */ = {isa = PBXFileReference; explicitFileType = wrapper.cfbundle; includeInIndex = 0; path = "git-treeTests.xctest"; sourceTree = BUILT_PRODUCTS_DIR; };
		B4C76B3A293248B6005AD4AD /* git_treeTests.swift */ = {isa = PBXFileReference; lastKnownFileType = sourcecode.swift; path = git_treeTests.swift; sourceTree = "<group>"; };
		B4C76B40293248B6005AD4AD /* git-treeUITests.xctest */ = {isa = PBXFileReference; explicitFileType = wrapper.cfbundle; includeInIndex = 0; path = "git-treeUITests.xctest"; sourceTree = BUILT_PRODUCTS_DIR; };
		B4C76B44293248B6005AD4AD /* git_treeUITests.swift */ = {isa = PBXFileReference; lastKnownFileType = sourcecode.swift; path = git_treeUITests.swift; sourceTree = "<group>"; };
		B4C76B46293248B6005AD4AD /* git_treeUITestsLaunchTests.swift */ = {isa = PBXFileReference; lastKnownFileType = sourcecode.swift; path = git_treeUITestsLaunchTests.swift; sourceTree = "<group>"; };
		B4C76B5429324B0A005AD4AD /* ObjectiveGit.framework */ = {isa = PBXFileReference; lastKnownFileType = wrapper.framework; name = ObjectiveGit.framework; path = Carthage/Build/iOS/ObjectiveGit.framework; sourceTree = "<group>"; };
		B4C76B5929324BEB005AD4AD /* GitClient.swift */ = {isa = PBXFileReference; lastKnownFileType = sourcecode.swift; path = GitClient.swift; sourceTree = "<group>"; };
		B4C76B5B29324EFF005AD4AD /* ObjectiveGit-Bridging-Header.h */ = {isa = PBXFileReference; lastKnownFileType = sourcecode.c.h; path = "ObjectiveGit-Bridging-Header.h"; sourceTree = "<group>"; };
		B4C76B5C293258AA005AD4AD /* DocumentPickerView.swift */ = {isa = PBXFileReference; lastKnownFileType = sourcecode.swift; path = DocumentPickerView.swift; sourceTree = "<group>"; };
		B4C76B612932673C005AD4AD /* Info.plist */ = {isa = PBXFileReference; lastKnownFileType = text.plist; path = Info.plist; sourceTree = "<group>"; };
		B4C76B63293267AA005AD4AD /* RepositoryInfoModel.swift */ = {isa = PBXFileReference; lastKnownFileType = sourcecode.swift; path = RepositoryInfoModel.swift; sourceTree = "<group>"; };
		B4C76B6729326AF9005AD4AD /* RepositoryView.swift */ = {isa = PBXFileReference; lastKnownFileType = sourcecode.swift; path = RepositoryView.swift; sourceTree = "<group>"; };
		B4C76B692933654C005AD4AD /* RepositoryViewModel.swift */ = {isa = PBXFileReference; lastKnownFileType = sourcecode.swift; path = RepositoryViewModel.swift; sourceTree = "<group>"; };
		B4C76B6B293385E4005AD4AD /* RepositoryListViewModel.swift */ = {isa = PBXFileReference; lastKnownFileType = sourcecode.swift; path = RepositoryListViewModel.swift; sourceTree = "<group>"; };
		B4C76B6D29338FBA005AD4AD /* RemoteCredentialsModel.swift */ = {isa = PBXFileReference; lastKnownFileType = sourcecode.swift; path = RemoteCredentialsModel.swift; sourceTree = "<group>"; };
		B4C76B6F293390E7005AD4AD /* IconWithText.swift */ = {isa = PBXFileReference; lastKnownFileType = sourcecode.swift; path = IconWithText.swift; sourceTree = "<group>"; };
		B4C76B712933922F005AD4AD /* RemoteCredentialsView.swift */ = {isa = PBXFileReference; lastKnownFileType = sourcecode.swift; path = RemoteCredentialsView.swift; sourceTree = "<group>"; };
		B4C76B732933936C005AD4AD /* RemoteCredentialsViewModel.swift */ = {isa = PBXFileReference; lastKnownFileType = sourcecode.swift; path = RemoteCredentialsViewModel.swift; sourceTree = "<group>"; };
		B4C76B7529339E1E005AD4AD /* KeychainConfiguration.swift */ = {isa = PBXFileReference; lastKnownFileType = sourcecode.swift; path = KeychainConfiguration.swift; sourceTree = "<group>"; };
		B4C76B7829339FBF005AD4AD /* KeychainHelper.swift */ = {isa = PBXFileReference; lastKnownFileType = sourcecode.swift; path = KeychainHelper.swift; sourceTree = "<group>"; };
		B4C76B7A2933A4AC005AD4AD /* ChangedFileModel.swift */ = {isa = PBXFileReference; lastKnownFileType = sourcecode.swift; path = ChangedFileModel.swift; sourceTree = "<group>"; };
		B4C76B7C2933A559005AD4AD /* ChangedFileView.swift */ = {isa = PBXFileReference; lastKnownFileType = sourcecode.swift; path = ChangedFileView.swift; sourceTree = "<group>"; };
		B4C76B7E2933C241005AD4AD /* Colors.swift */ = {isa = PBXFileReference; lastKnownFileType = sourcecode.swift; path = Colors.swift; sourceTree = "<group>"; };
		B4C76B802933C5A2005AD4AD /* SplashScreenView.swift */ = {isa = PBXFileReference; lastKnownFileType = sourcecode.swift; path = SplashScreenView.swift; sourceTree = "<group>"; };
		B4C76B842939CAAF005AD4AD /* CloneRemoteRepositoryScreenView.swift */ = {isa = PBXFileReference; lastKnownFileType = sourcecode.swift; path = CloneRemoteRepositoryScreenView.swift; sourceTree = "<group>"; };
		B4C76B862939CF00005AD4AD /* RemoteCredentialsScreenView.swift */ = {isa = PBXFileReference; lastKnownFileType = sourcecode.swift; path = RemoteCredentialsScreenView.swift; sourceTree = "<group>"; };
		B4C76B882939D051005AD4AD /* RemoteRepositoryView.swift */ = {isa = PBXFileReference; lastKnownFileType = sourcecode.swift; path = RemoteRepositoryView.swift; sourceTree = "<group>"; };
		B4C7CC602939DCBB00250EA6 /* AddRepositoryScreenView.swift */ = {isa = PBXFileReference; lastKnownFileType = sourcecode.swift; path = AddRepositoryScreenView.swift; sourceTree = "<group>"; };
		B4C7CC66293CACFA00250EA6 /* RepositoryAsyncOperationView.swift */ = {isa = PBXFileReference; lastKnownFileType = sourcecode.swift; path = RepositoryAsyncOperationView.swift; sourceTree = "<group>"; };
		B4C7CC68293CAD4600250EA6 /* RepositoryAsyncOperation.swift */ = {isa = PBXFileReference; lastKnownFileType = sourcecode.swift; path = RepositoryAsyncOperation.swift; sourceTree = "<group>"; };
		B4E9F5132C7DAD0100A7BEF0 /* ObjectiveGit.framework */ = {isa = PBXFileReference; lastKnownFileType = wrapper.framework; name = ObjectiveGit.framework; path = Carthage/Build/Mac/ObjectiveGit.framework; sourceTree = "<group>"; };
		B4E9F5192C7E330900A7BEF0 /* RepositoryError.swift */ = {isa = PBXFileReference; lastKnownFileType = sourcecode.swift; path = RepositoryError.swift; sourceTree = "<group>"; };
		B4E9F51B2C7E33BF00A7BEF0 /* ErrorDescription.swift */ = {isa = PBXFileReference; lastKnownFileType = sourcecode.swift; path = ErrorDescription.swift; sourceTree = "<group>"; };
		B4E9F51D2C7E347F00A7BEF0 /* View+ErrorMessage.swift */ = {isa = PBXFileReference; lastKnownFileType = sourcecode.swift; path = "View+ErrorMessage.swift"; sourceTree = "<group>"; };
/* End PBXFileReference section */

/* Begin PBXFrameworksBuildPhase section */
		B4C76B23293248A8005AD4AD /* Frameworks */ = {
			isa = PBXFrameworksBuildPhase;
			buildActionMask = 2147483647;
			files = (
				B4E9F5162C7DAD4300A7BEF0 /* ObjectiveGit.framework in Frameworks */,
			);
			runOnlyForDeploymentPostprocessing = 0;
		};
		B4C76B33293248B6005AD4AD /* Frameworks */ = {
			isa = PBXFrameworksBuildPhase;
			buildActionMask = 2147483647;
			files = (
				B4E9F51F2C7E773300A7BEF0 /* ObjectiveGit.framework in Frameworks */,
			);
			runOnlyForDeploymentPostprocessing = 0;
		};
		B4C76B3D293248B6005AD4AD /* Frameworks */ = {
			isa = PBXFrameworksBuildPhase;
			buildActionMask = 2147483647;
			files = (
				B4E9F5222C7E774000A7BEF0 /* ObjectiveGit.framework in Frameworks */,
			);
			runOnlyForDeploymentPostprocessing = 0;
		};
/* End PBXFrameworksBuildPhase section */

/* Begin PBXGroup section */
		B4C76B1D293248A8005AD4AD = {
			isa = PBXGroup;
			children = (
				B4C76B28293248A8005AD4AD /* git-tree */,
				B4C76B39293248B6005AD4AD /* git-treeTests */,
				B4C76B43293248B6005AD4AD /* git-treeUITests */,
				B4C76B27293248A8005AD4AD /* Products */,
				B4C76B5329324B0A005AD4AD /* Frameworks */,
			);
			sourceTree = "<group>";
		};
		B4C76B27293248A8005AD4AD /* Products */ = {
			isa = PBXGroup;
			children = (
				B4C76B26293248A8005AD4AD /* git-tree.app */,
				B4C76B36293248B6005AD4AD /* git-treeTests.xctest */,
				B4C76B40293248B6005AD4AD /* git-treeUITests.xctest */,
			);
			name = Products;
			sourceTree = "<group>";
		};
		B4C76B28293248A8005AD4AD /* git-tree */ = {
			isa = PBXGroup;
			children = (
				B4C76B7729339FAF005AD4AD /* Helpers */,
				B4C76B29293248A8005AD4AD /* App.swift */,
				B4C76B6229326752005AD4AD /* Git */,
				B4C76B612932673C005AD4AD /* Info.plist */,
				B4C76B6029326709005AD4AD /* ViewModel */,
				B4C76B5F293266FB005AD4AD /* Model */,
				B4C76B5E293266F2005AD4AD /* View */,
				B4C76B2D293248B2005AD4AD /* Assets.xcassets */,
				B4C76B2F293248B2005AD4AD /* Preview Content */,
				B4C76B5B29324EFF005AD4AD /* ObjectiveGit-Bridging-Header.h */,
			);
			path = "git-tree";
			sourceTree = "<group>";
		};
		B4C76B2F293248B2005AD4AD /* Preview Content */ = {
			isa = PBXGroup;
			children = (
				B4C76B30293248B2005AD4AD /* Preview Assets.xcassets */,
			);
			path = "Preview Content";
			sourceTree = "<group>";
		};
		B4C76B39293248B6005AD4AD /* git-treeTests */ = {
			isa = PBXGroup;
			children = (
				B4C76B3A293248B6005AD4AD /* git_treeTests.swift */,
			);
			path = "git-treeTests";
			sourceTree = "<group>";
		};
		B4C76B43293248B6005AD4AD /* git-treeUITests */ = {
			isa = PBXGroup;
			children = (
				B4C76B44293248B6005AD4AD /* git_treeUITests.swift */,
				B4C76B46293248B6005AD4AD /* git_treeUITestsLaunchTests.swift */,
			);
			path = "git-treeUITests";
			sourceTree = "<group>";
		};
		B4C76B5329324B0A005AD4AD /* Frameworks */ = {
			isa = PBXGroup;
			children = (
				B4E9F5132C7DAD0100A7BEF0 /* ObjectiveGit.framework */,
				B4C76B5429324B0A005AD4AD /* ObjectiveGit.framework */,
			);
			name = Frameworks;
			sourceTree = "<group>";
		};
		B4C76B5E293266F2005AD4AD /* View */ = {
			isa = PBXGroup;
			children = (
				B4C76B5C293258AA005AD4AD /* DocumentPickerView.swift */,
				B4C7CC602939DCBB00250EA6 /* AddRepositoryScreenView.swift */,
				B4C76B2B293248A8005AD4AD /* RepositoryListView.swift */,
				B4C76B6729326AF9005AD4AD /* RepositoryView.swift */,
				B4C76B7C2933A559005AD4AD /* ChangedFileView.swift */,
				B4C76B6F293390E7005AD4AD /* IconWithText.swift */,
				B4C76B712933922F005AD4AD /* RemoteCredentialsView.swift */,
				B4C76B862939CF00005AD4AD /* RemoteCredentialsScreenView.swift */,
				B4C76B802933C5A2005AD4AD /* SplashScreenView.swift */,
				B4C76B842939CAAF005AD4AD /* CloneRemoteRepositoryScreenView.swift */,
				B4C76B882939D051005AD4AD /* RemoteRepositoryView.swift */,
				B4C7CC66293CACFA00250EA6 /* RepositoryAsyncOperationView.swift */,
				B4E9F51D2C7E347F00A7BEF0 /* View+ErrorMessage.swift */,
			);
			path = View;
			sourceTree = "<group>";
		};
		B4C76B5F293266FB005AD4AD /* Model */ = {
			isa = PBXGroup;
			children = (
				B4C7CC68293CAD4600250EA6 /* RepositoryAsyncOperation.swift */,
				B4E9F51B2C7E33BF00A7BEF0 /* ErrorDescription.swift */,
				B4C76B63293267AA005AD4AD /* RepositoryInfoModel.swift */,
				B4C76B6D29338FBA005AD4AD /* RemoteCredentialsModel.swift */,
				B4C76B7529339E1E005AD4AD /* KeychainConfiguration.swift */,
				B4C76B7A2933A4AC005AD4AD /* ChangedFileModel.swift */,
				B4E9F5192C7E330900A7BEF0 /* RepositoryError.swift */,
			);
			path = Model;
			sourceTree = "<group>";
		};
		B4C76B6029326709005AD4AD /* ViewModel */ = {
			isa = PBXGroup;
			children = (
				B4C76B692933654C005AD4AD /* RepositoryViewModel.swift */,
				B4C76B6B293385E4005AD4AD /* RepositoryListViewModel.swift */,
				B4C76B732933936C005AD4AD /* RemoteCredentialsViewModel.swift */,
			);
			path = ViewModel;
			sourceTree = "<group>";
		};
		B4C76B6229326752005AD4AD /* Git */ = {
			isa = PBXGroup;
			children = (
				B4C76B5929324BEB005AD4AD /* GitClient.swift */,
			);
			path = Git;
			sourceTree = "<group>";
		};
		B4C76B7729339FAF005AD4AD /* Helpers */ = {
			isa = PBXGroup;
			children = (
				B4C76B7829339FBF005AD4AD /* KeychainHelper.swift */,
				B4C76B7E2933C241005AD4AD /* Colors.swift */,
			);
			path = Helpers;
			sourceTree = "<group>";
		};
/* End PBXGroup section */

/* Begin PBXNativeTarget section */
		B4C76B25293248A8005AD4AD /* git-tree */ = {
			isa = PBXNativeTarget;
			buildConfigurationList = B4C76B4A293248B6005AD4AD /* Build configuration list for PBXNativeTarget "git-tree" */;
			buildPhases = (
				B4C76B22293248A8005AD4AD /* Sources */,
				B4C76B23293248A8005AD4AD /* Frameworks */,
				B4C76B24293248A8005AD4AD /* Resources */,
				B4E9F5182C7DAD4300A7BEF0 /* Embed Frameworks */,
			);
			buildRules = (
			);
			dependencies = (
			);
			name = "git-tree";
			productName = "git-tree";
			productReference = B4C76B26293248A8005AD4AD /* git-tree.app */;
			productType = "com.apple.product-type.application";
		};
		B4C76B35293248B6005AD4AD /* git-treeTests */ = {
			isa = PBXNativeTarget;
			buildConfigurationList = B4C76B4D293248B6005AD4AD /* Build configuration list for PBXNativeTarget "git-treeTests" */;
			buildPhases = (
				B4C76B32293248B6005AD4AD /* Sources */,
				B4C76B33293248B6005AD4AD /* Frameworks */,
				B4C76B34293248B6005AD4AD /* Resources */,
				B4E9F5212C7E773300A7BEF0 /* Embed Frameworks */,
			);
			buildRules = (
			);
			dependencies = (
				B4C76B38293248B6005AD4AD /* PBXTargetDependency */,
			);
			name = "git-treeTests";
			productName = "git-treeTests";
			productReference = B4C76B36293248B6005AD4AD /* git-treeTests.xctest */;
			productType = "com.apple.product-type.bundle.unit-test";
		};
		B4C76B3F293248B6005AD4AD /* git-treeUITests */ = {
			isa = PBXNativeTarget;
			buildConfigurationList = B4C76B50293248B6005AD4AD /* Build configuration list for PBXNativeTarget "git-treeUITests" */;
			buildPhases = (
				B4C76B3C293248B6005AD4AD /* Sources */,
				B4C76B3D293248B6005AD4AD /* Frameworks */,
				B4C76B3E293248B6005AD4AD /* Resources */,
				B4E9F5242C7E774000A7BEF0 /* Embed Frameworks */,
			);
			buildRules = (
			);
			dependencies = (
				B4C76B42293248B6005AD4AD /* PBXTargetDependency */,
			);
			name = "git-treeUITests";
			productName = "git-treeUITests";
			productReference = B4C76B40293248B6005AD4AD /* git-treeUITests.xctest */;
			productType = "com.apple.product-type.bundle.ui-testing";
		};
/* End PBXNativeTarget section */

/* Begin PBXProject section */
		B4C76B1E293248A8005AD4AD /* Project object */ = {
			isa = PBXProject;
			attributes = {
				BuildIndependentTargetsInParallel = 1;
				LastSwiftUpdateCheck = 1410;
				LastUpgradeCheck = 1410;
				TargetAttributes = {
					B4C76B25293248A8005AD4AD = {
						CreatedOnToolsVersion = 14.1;
					};
					B4C76B35293248B6005AD4AD = {
						CreatedOnToolsVersion = 14.1;
						TestTargetID = B4C76B25293248A8005AD4AD;
					};
					B4C76B3F293248B6005AD4AD = {
						CreatedOnToolsVersion = 14.1;
						TestTargetID = B4C76B25293248A8005AD4AD;
					};
				};
			};
			buildConfigurationList = B4C76B21293248A8005AD4AD /* Build configuration list for PBXProject "git-tree" */;
			compatibilityVersion = "Xcode 14.0";
			developmentRegion = en;
			hasScannedForEncodings = 0;
			knownRegions = (
				en,
				Base,
			);
			mainGroup = B4C76B1D293248A8005AD4AD;
			productRefGroup = B4C76B27293248A8005AD4AD /* Products */;
			projectDirPath = "";
			projectRoot = "";
			targets = (
				B4C76B25293248A8005AD4AD /* git-tree */,
				B4C76B35293248B6005AD4AD /* git-treeTests */,
				B4C76B3F293248B6005AD4AD /* git-treeUITests */,
			);
		};
/* End PBXProject section */

/* Begin PBXResourcesBuildPhase section */
		B4C76B24293248A8005AD4AD /* Resources */ = {
			isa = PBXResourcesBuildPhase;
			buildActionMask = 2147483647;
			files = (
				B4C76B31293248B2005AD4AD /* Preview Assets.xcassets in Resources */,
				B4C76B2E293248B2005AD4AD /* Assets.xcassets in Resources */,
			);
			runOnlyForDeploymentPostprocessing = 0;
		};
		B4C76B34293248B6005AD4AD /* Resources */ = {
			isa = PBXResourcesBuildPhase;
			buildActionMask = 2147483647;
			files = (
			);
			runOnlyForDeploymentPostprocessing = 0;
		};
		B4C76B3E293248B6005AD4AD /* Resources */ = {
			isa = PBXResourcesBuildPhase;
			buildActionMask = 2147483647;
			files = (
			);
			runOnlyForDeploymentPostprocessing = 0;
		};
/* End PBXResourcesBuildPhase section */

/* Begin PBXSourcesBuildPhase section */
		B4C76B22293248A8005AD4AD /* Sources */ = {
			isa = PBXSourcesBuildPhase;
			buildActionMask = 2147483647;
			files = (
				B4C76B742933936C005AD4AD /* RemoteCredentialsViewModel.swift in Sources */,
				B4C76B6E29338FBA005AD4AD /* RemoteCredentialsModel.swift in Sources */,
				B4C76B6A2933654C005AD4AD /* RepositoryViewModel.swift in Sources */,
				B4E9F51E2C7E347F00A7BEF0 /* View+ErrorMessage.swift in Sources */,
				B4C76B7F2933C241005AD4AD /* Colors.swift in Sources */,
				B4C7CC67293CACFA00250EA6 /* RepositoryAsyncOperationView.swift in Sources */,
				B4C76B5D293258AA005AD4AD /* DocumentPickerView.swift in Sources */,
				B4C76B6829326AF9005AD4AD /* RepositoryView.swift in Sources */,
				B4C76B7D2933A559005AD4AD /* ChangedFileView.swift in Sources */,
				B4C76B7B2933A4AC005AD4AD /* ChangedFileModel.swift in Sources */,
				B4C76B64293267AA005AD4AD /* RepositoryInfoModel.swift in Sources */,
				B4C76B852939CAAF005AD4AD /* CloneRemoteRepositoryScreenView.swift in Sources */,
				B4C76B722933922F005AD4AD /* RemoteCredentialsView.swift in Sources */,
				B4C76B872939CF00005AD4AD /* RemoteCredentialsScreenView.swift in Sources */,
				B4C76B70293390E7005AD4AD /* IconWithText.swift in Sources */,
				B4C76B812933C5A2005AD4AD /* SplashScreenView.swift in Sources */,
				B4C76B2C293248A8005AD4AD /* RepositoryListView.swift in Sources */,
				B4C7CC69293CAD4600250EA6 /* RepositoryAsyncOperation.swift in Sources */,
				B4C76B6C293385E4005AD4AD /* RepositoryListViewModel.swift in Sources */,
				B4C76B892939D051005AD4AD /* RemoteRepositoryView.swift in Sources */,
				B4E9F51A2C7E330900A7BEF0 /* RepositoryError.swift in Sources */,
				B4C76B2A293248A8005AD4AD /* App.swift in Sources */,
				B4C76B7629339E1E005AD4AD /* KeychainConfiguration.swift in Sources */,
				B4C76B7929339FBF005AD4AD /* KeychainHelper.swift in Sources */,
				B4C7CC612939DCBB00250EA6 /* AddRepositoryScreenView.swift in Sources */,
				B4C76B5A29324BEB005AD4AD /* GitClient.swift in Sources */,
				B4E9F51C2C7E33BF00A7BEF0 /* ErrorDescription.swift in Sources */,
			);
			runOnlyForDeploymentPostprocessing = 0;
		};
		B4C76B32293248B6005AD4AD /* Sources */ = {
			isa = PBXSourcesBuildPhase;
			buildActionMask = 2147483647;
			files = (
				B4C76B3B293248B6005AD4AD /* git_treeTests.swift in Sources */,
			);
			runOnlyForDeploymentPostprocessing = 0;
		};
		B4C76B3C293248B6005AD4AD /* Sources */ = {
			isa = PBXSourcesBuildPhase;
			buildActionMask = 2147483647;
			files = (
				B4C76B47293248B6005AD4AD /* git_treeUITestsLaunchTests.swift in Sources */,
				B4C76B45293248B6005AD4AD /* git_treeUITests.swift in Sources */,
			);
			runOnlyForDeploymentPostprocessing = 0;
		};
/* End PBXSourcesBuildPhase section */

/* Begin PBXTargetDependency section */
		B4C76B38293248B6005AD4AD /* PBXTargetDependency */ = {
			isa = PBXTargetDependency;
			target = B4C76B25293248A8005AD4AD /* git-tree */;
			targetProxy = B4C76B37293248B6005AD4AD /* PBXContainerItemProxy */;
		};
		B4C76B42293248B6005AD4AD /* PBXTargetDependency */ = {
			isa = PBXTargetDependency;
			target = B4C76B25293248A8005AD4AD /* git-tree */;
			targetProxy = B4C76B41293248B6005AD4AD /* PBXContainerItemProxy */;
		};
/* End PBXTargetDependency section */

/* Begin XCBuildConfiguration section */
		B4C76B48293248B6005AD4AD /* Debug */ = {
			isa = XCBuildConfiguration;
			buildSettings = {
				ALWAYS_SEARCH_USER_PATHS = NO;
				CLANG_ANALYZER_NONNULL = YES;
				CLANG_ANALYZER_NUMBER_OBJECT_CONVERSION = YES_AGGRESSIVE;
				CLANG_CXX_LANGUAGE_STANDARD = "gnu++20";
				CLANG_ENABLE_MODULES = YES;
				CLANG_ENABLE_OBJC_ARC = YES;
				CLANG_ENABLE_OBJC_WEAK = YES;
				CLANG_WARN_BLOCK_CAPTURE_AUTORELEASING = YES;
				CLANG_WARN_BOOL_CONVERSION = YES;
				CLANG_WARN_COMMA = YES;
				CLANG_WARN_CONSTANT_CONVERSION = YES;
				CLANG_WARN_DEPRECATED_OBJC_IMPLEMENTATIONS = YES;
				CLANG_WARN_DIRECT_OBJC_ISA_USAGE = YES_ERROR;
				CLANG_WARN_DOCUMENTATION_COMMENTS = YES;
				CLANG_WARN_EMPTY_BODY = YES;
				CLANG_WARN_ENUM_CONVERSION = YES;
				CLANG_WARN_INFINITE_RECURSION = YES;
				CLANG_WARN_INT_CONVERSION = YES;
				CLANG_WARN_NON_LITERAL_NULL_CONVERSION = YES;
				CLANG_WARN_OBJC_IMPLICIT_RETAIN_SELF = YES;
				CLANG_WARN_OBJC_LITERAL_CONVERSION = YES;
				CLANG_WARN_OBJC_ROOT_CLASS = YES_ERROR;
				CLANG_WARN_QUOTED_INCLUDE_IN_FRAMEWORK_HEADER = YES;
				CLANG_WARN_RANGE_LOOP_ANALYSIS = YES;
				CLANG_WARN_STRICT_PROTOTYPES = YES;
				CLANG_WARN_SUSPICIOUS_MOVE = YES;
				CLANG_WARN_UNGUARDED_AVAILABILITY = YES_AGGRESSIVE;
				CLANG_WARN_UNREACHABLE_CODE = YES;
				CLANG_WARN__DUPLICATE_METHOD_MATCH = YES;
				COPY_PHASE_STRIP = NO;
				DEBUG_INFORMATION_FORMAT = dwarf;
				ENABLE_STRICT_OBJC_MSGSEND = YES;
				ENABLE_TESTABILITY = YES;
				"EXCLUDED_ARCHS[sdk=iphonesimulator*]" = arm64;
				GCC_C_LANGUAGE_STANDARD = gnu11;
				GCC_DYNAMIC_NO_PIC = NO;
				GCC_NO_COMMON_BLOCKS = YES;
				GCC_OPTIMIZATION_LEVEL = 0;
				GCC_PREPROCESSOR_DEFINITIONS = (
					"DEBUG=1",
					"$(inherited)",
				);
				GCC_WARN_64_TO_32_BIT_CONVERSION = YES;
				GCC_WARN_ABOUT_RETURN_TYPE = YES_ERROR;
				GCC_WARN_UNDECLARED_SELECTOR = YES;
				GCC_WARN_UNINITIALIZED_AUTOS = YES_AGGRESSIVE;
				GCC_WARN_UNUSED_FUNCTION = YES;
				GCC_WARN_UNUSED_VARIABLE = YES;
				IPHONEOS_DEPLOYMENT_TARGET = 16.1;
				MTL_ENABLE_DEBUG_INFO = INCLUDE_SOURCE;
				MTL_FAST_MATH = YES;
				ONLY_ACTIVE_ARCH = YES;
				SDKROOT = iphoneos;
				SWIFT_ACTIVE_COMPILATION_CONDITIONS = DEBUG;
				"SWIFT_OBJC_BRIDGING_HEADER[arch=*]" = "$(SRCROOT)/git-tree/ObjectiveGit-Bridging-Header.h";
				SWIFT_OPTIMIZATION_LEVEL = "-Onone";
			};
			name = Debug;
		};
		B4C76B49293248B6005AD4AD /* Release */ = {
			isa = XCBuildConfiguration;
			buildSettings = {
				ALWAYS_SEARCH_USER_PATHS = NO;
				CLANG_ANALYZER_NONNULL = YES;
				CLANG_ANALYZER_NUMBER_OBJECT_CONVERSION = YES_AGGRESSIVE;
				CLANG_CXX_LANGUAGE_STANDARD = "gnu++20";
				CLANG_ENABLE_MODULES = YES;
				CLANG_ENABLE_OBJC_ARC = YES;
				CLANG_ENABLE_OBJC_WEAK = YES;
				CLANG_WARN_BLOCK_CAPTURE_AUTORELEASING = YES;
				CLANG_WARN_BOOL_CONVERSION = YES;
				CLANG_WARN_COMMA = YES;
				CLANG_WARN_CONSTANT_CONVERSION = YES;
				CLANG_WARN_DEPRECATED_OBJC_IMPLEMENTATIONS = YES;
				CLANG_WARN_DIRECT_OBJC_ISA_USAGE = YES_ERROR;
				CLANG_WARN_DOCUMENTATION_COMMENTS = YES;
				CLANG_WARN_EMPTY_BODY = YES;
				CLANG_WARN_ENUM_CONVERSION = YES;
				CLANG_WARN_INFINITE_RECURSION = YES;
				CLANG_WARN_INT_CONVERSION = YES;
				CLANG_WARN_NON_LITERAL_NULL_CONVERSION = YES;
				CLANG_WARN_OBJC_IMPLICIT_RETAIN_SELF = YES;
				CLANG_WARN_OBJC_LITERAL_CONVERSION = YES;
				CLANG_WARN_OBJC_ROOT_CLASS = YES_ERROR;
				CLANG_WARN_QUOTED_INCLUDE_IN_FRAMEWORK_HEADER = YES;
				CLANG_WARN_RANGE_LOOP_ANALYSIS = YES;
				CLANG_WARN_STRICT_PROTOTYPES = YES;
				CLANG_WARN_SUSPICIOUS_MOVE = YES;
				CLANG_WARN_UNGUARDED_AVAILABILITY = YES_AGGRESSIVE;
				CLANG_WARN_UNREACHABLE_CODE = YES;
				CLANG_WARN__DUPLICATE_METHOD_MATCH = YES;
				COPY_PHASE_STRIP = NO;
				DEBUG_INFORMATION_FORMAT = "dwarf-with-dsym";
				ENABLE_NS_ASSERTIONS = NO;
				ENABLE_STRICT_OBJC_MSGSEND = YES;
				"EXCLUDED_ARCHS[sdk=iphonesimulator*]" = arm64;
				GCC_C_LANGUAGE_STANDARD = gnu11;
				GCC_NO_COMMON_BLOCKS = YES;
				GCC_WARN_64_TO_32_BIT_CONVERSION = YES;
				GCC_WARN_ABOUT_RETURN_TYPE = YES_ERROR;
				GCC_WARN_UNDECLARED_SELECTOR = YES;
				GCC_WARN_UNINITIALIZED_AUTOS = YES_AGGRESSIVE;
				GCC_WARN_UNUSED_FUNCTION = YES;
				GCC_WARN_UNUSED_VARIABLE = YES;
				IPHONEOS_DEPLOYMENT_TARGET = 16.1;
				MTL_ENABLE_DEBUG_INFO = NO;
				MTL_FAST_MATH = YES;
				SDKROOT = iphoneos;
				SWIFT_COMPILATION_MODE = wholemodule;
				"SWIFT_OBJC_BRIDGING_HEADER[arch=*]" = "$(SRCROOT)/git-tree/ObjectiveGit-Bridging-Header.h";
				SWIFT_OPTIMIZATION_LEVEL = "-O";
				VALIDATE_PRODUCT = YES;
			};
			name = Release;
		};
		B4C76B4B293248B6005AD4AD /* Debug */ = {
			isa = XCBuildConfiguration;
			buildSettings = {
				ASSETCATALOG_COMPILER_APPICON_NAME = AppIcon;
				ASSETCATALOG_COMPILER_GLOBAL_ACCENT_COLOR_NAME = AccentColor;
				CODE_SIGN_STYLE = Automatic;
				CURRENT_PROJECT_VERSION = 1;
				DEVELOPMENT_ASSET_PATHS = "\"git-tree/Preview Content\"";
				DEVELOPMENT_TEAM = R7GX9454SD;
				ENABLE_PREVIEWS = YES;
				FRAMEWORK_SEARCH_PATHS = (
					"$(inherited)",
					"$(PROJECT_DIR)/Carthage/Build/iOS",
					"$(PROJECT_DIR)/Carthage/Build/Mac",
				);
				GENERATE_INFOPLIST_FILE = YES;
				"HEADER_SEARCH_PATHS[arch=*]" = "$(SRCROOT)/Carthage/Build/iOS/ObjectiveGit.framework/Headers/";
				INFOPLIST_FILE = "git-tree/Info.plist";
				INFOPLIST_KEY_CFBundleDisplayName = GitTree;
				INFOPLIST_KEY_LSApplicationCategoryType = "public.app-category.developer-tools";
				INFOPLIST_KEY_UIApplicationSceneManifest_Generation = YES;
				INFOPLIST_KEY_UIApplicationSupportsIndirectInputEvents = YES;
				INFOPLIST_KEY_UILaunchScreen_Generation = YES;
				INFOPLIST_KEY_UISupportedInterfaceOrientations_iPad = "UIInterfaceOrientationPortrait UIInterfaceOrientationPortraitUpsideDown UIInterfaceOrientationLandscapeLeft UIInterfaceOrientationLandscapeRight";
				INFOPLIST_KEY_UISupportedInterfaceOrientations_iPhone = "UIInterfaceOrientationPortrait UIInterfaceOrientationLandscapeLeft UIInterfaceOrientationLandscapeRight";
				LD_RUNPATH_SEARCH_PATHS = (
					"$(inherited)",
					"@executable_path/Frameworks",
				);
				MARKETING_VERSION = 1.0;
				PRODUCT_BUNDLE_IDENTIFIER = "org.zhuravskymax.git-tree";
				PRODUCT_NAME = "$(TARGET_NAME)";
				SWIFT_EMIT_LOC_STRINGS = YES;
				SWIFT_VERSION = 5.0;
				TARGETED_DEVICE_FAMILY = "1,2";
			};
			name = Debug;
		};
		B4C76B4C293248B6005AD4AD /* Release */ = {
			isa = XCBuildConfiguration;
			buildSettings = {
				ASSETCATALOG_COMPILER_APPICON_NAME = AppIcon;
				ASSETCATALOG_COMPILER_GLOBAL_ACCENT_COLOR_NAME = AccentColor;
				CODE_SIGN_STYLE = Automatic;
				CURRENT_PROJECT_VERSION = 1;
				DEVELOPMENT_ASSET_PATHS = "\"git-tree/Preview Content\"";
				DEVELOPMENT_TEAM = R7GX9454SD;
				ENABLE_PREVIEWS = YES;
				FRAMEWORK_SEARCH_PATHS = (
					"$(inherited)",
					"$(PROJECT_DIR)/Carthage/Build/iOS",
					"$(PROJECT_DIR)/Carthage/Build/Mac",
				);
				GENERATE_INFOPLIST_FILE = YES;
				"HEADER_SEARCH_PATHS[arch=*]" = "$(SRCROOT)/Carthage/Build/iOS/ObjectiveGit.framework/Headers/";
				INFOPLIST_FILE = "git-tree/Info.plist";
				INFOPLIST_KEY_CFBundleDisplayName = GitTree;
				INFOPLIST_KEY_LSApplicationCategoryType = "public.app-category.developer-tools";
				INFOPLIST_KEY_UIApplicationSceneManifest_Generation = YES;
				INFOPLIST_KEY_UIApplicationSupportsIndirectInputEvents = YES;
				INFOPLIST_KEY_UILaunchScreen_Generation = YES;
				INFOPLIST_KEY_UISupportedInterfaceOrientations_iPad = "UIInterfaceOrientationPortrait UIInterfaceOrientationPortraitUpsideDown UIInterfaceOrientationLandscapeLeft UIInterfaceOrientationLandscapeRight";
				INFOPLIST_KEY_UISupportedInterfaceOrientations_iPhone = "UIInterfaceOrientationPortrait UIInterfaceOrientationLandscapeLeft UIInterfaceOrientationLandscapeRight";
				LD_RUNPATH_SEARCH_PATHS = (
					"$(inherited)",
					"@executable_path/Frameworks",
				);
				MARKETING_VERSION = 1.0;
				PRODUCT_BUNDLE_IDENTIFIER = "org.zhuravskymax.git-tree";
				PRODUCT_NAME = "$(TARGET_NAME)";
				SWIFT_EMIT_LOC_STRINGS = YES;
				SWIFT_VERSION = 5.0;
				TARGETED_DEVICE_FAMILY = "1,2";
			};
			name = Release;
		};
		B4C76B4E293248B6005AD4AD /* Debug */ = {
			isa = XCBuildConfiguration;
			buildSettings = {
				ALWAYS_EMBED_SWIFT_STANDARD_LIBRARIES = YES;
				BUNDLE_LOADER = "$(TEST_HOST)";
				CODE_SIGN_STYLE = Automatic;
				CURRENT_PROJECT_VERSION = 1;
				DEVELOPMENT_TEAM = R7GX9454SD;
				FRAMEWORK_SEARCH_PATHS = (
					"$(inherited)",
					"$(PROJECT_DIR)/Carthage/Build/iOS",
				);
				GENERATE_INFOPLIST_FILE = YES;
				IPHONEOS_DEPLOYMENT_TARGET = 16.1;
				MARKETING_VERSION = 1.0;
				PRODUCT_BUNDLE_IDENTIFIER = "org.zhuravskymax.git-treeTests";
				PRODUCT_NAME = "$(TARGET_NAME)";
				SWIFT_EMIT_LOC_STRINGS = NO;
				SWIFT_VERSION = 5.0;
				TARGETED_DEVICE_FAMILY = "1,2";
				TEST_HOST = "$(BUILT_PRODUCTS_DIR)/git-tree.app/$(BUNDLE_EXECUTABLE_FOLDER_PATH)/git-tree";
			};
			name = Debug;
		};
		B4C76B4F293248B6005AD4AD /* Release */ = {
			isa = XCBuildConfiguration;
			buildSettings = {
				ALWAYS_EMBED_SWIFT_STANDARD_LIBRARIES = YES;
				BUNDLE_LOADER = "$(TEST_HOST)";
				CODE_SIGN_STYLE = Automatic;
				CURRENT_PROJECT_VERSION = 1;
				DEVELOPMENT_TEAM = R7GX9454SD;
				FRAMEWORK_SEARCH_PATHS = (
					"$(inherited)",
					"$(PROJECT_DIR)/Carthage/Build/iOS",
				);
				GENERATE_INFOPLIST_FILE = YES;
				IPHONEOS_DEPLOYMENT_TARGET = 16.1;
				MARKETING_VERSION = 1.0;
				PRODUCT_BUNDLE_IDENTIFIER = "org.zhuravskymax.git-treeTests";
				PRODUCT_NAME = "$(TARGET_NAME)";
				SWIFT_EMIT_LOC_STRINGS = NO;
				SWIFT_VERSION = 5.0;
				TARGETED_DEVICE_FAMILY = "1,2";
				TEST_HOST = "$(BUILT_PRODUCTS_DIR)/git-tree.app/$(BUNDLE_EXECUTABLE_FOLDER_PATH)/git-tree";
			};
			name = Release;
		};
		B4C76B51293248B6005AD4AD /* Debug */ = {
			isa = XCBuildConfiguration;
			buildSettings = {
				ALWAYS_EMBED_SWIFT_STANDARD_LIBRARIES = YES;
				CODE_SIGN_STYLE = Automatic;
				CURRENT_PROJECT_VERSION = 1;
				DEVELOPMENT_TEAM = R7GX9454SD;
				FRAMEWORK_SEARCH_PATHS = (
					"$(inherited)",
					"$(PROJECT_DIR)/Carthage/Build/iOS",
				);
				GENERATE_INFOPLIST_FILE = YES;
				MARKETING_VERSION = 1.0;
				PRODUCT_BUNDLE_IDENTIFIER = "org.zhuravskymax.git-treeUITests";
				PRODUCT_NAME = "$(TARGET_NAME)";
				SWIFT_EMIT_LOC_STRINGS = NO;
				SWIFT_VERSION = 5.0;
				TARGETED_DEVICE_FAMILY = "1,2";
				TEST_TARGET_NAME = "git-tree";
			};
			name = Debug;
		};
		B4C76B52293248B6005AD4AD /* Release */ = {
			isa = XCBuildConfiguration;
			buildSettings = {
				ALWAYS_EMBED_SWIFT_STANDARD_LIBRARIES = YES;
				CODE_SIGN_STYLE = Automatic;
				CURRENT_PROJECT_VERSION = 1;
				DEVELOPMENT_TEAM = R7GX9454SD;
				FRAMEWORK_SEARCH_PATHS = (
					"$(inherited)",
					"$(PROJECT_DIR)/Carthage/Build/iOS",
				);
				GENERATE_INFOPLIST_FILE = YES;
				MARKETING_VERSION = 1.0;
				PRODUCT_BUNDLE_IDENTIFIER = "org.zhuravskymax.git-treeUITests";
				PRODUCT_NAME = "$(TARGET_NAME)";
				SWIFT_EMIT_LOC_STRINGS = NO;
				SWIFT_VERSION = 5.0;
				TARGETED_DEVICE_FAMILY = "1,2";
				TEST_TARGET_NAME = "git-tree";
			};
			name = Release;
		};
/* End XCBuildConfiguration section */

/* Begin XCConfigurationList section */
		B4C76B21293248A8005AD4AD /* Build configuration list for PBXProject "git-tree" */ = {
			isa = XCConfigurationList;
			buildConfigurations = (
				B4C76B48293248B6005AD4AD /* Debug */,
				B4C76B49293248B6005AD4AD /* Release */,
			);
			defaultConfigurationIsVisible = 0;
			defaultConfigurationName = Release;
		};
		B4C76B4A293248B6005AD4AD /* Build configuration list for PBXNativeTarget "git-tree" */ = {
			isa = XCConfigurationList;
			buildConfigurations = (
				B4C76B4B293248B6005AD4AD /* Debug */,
				B4C76B4C293248B6005AD4AD /* Release */,
			);
			defaultConfigurationIsVisible = 0;
			defaultConfigurationName = Release;
		};
		B4C76B4D293248B6005AD4AD /* Build configuration list for PBXNativeTarget "git-treeTests" */ = {
			isa = XCConfigurationList;
			buildConfigurations = (
				B4C76B4E293248B6005AD4AD /* Debug */,
				B4C76B4F293248B6005AD4AD /* Release */,
			);
			defaultConfigurationIsVisible = 0;
			defaultConfigurationName = Release;
		};
		B4C76B50293248B6005AD4AD /* Build configuration list for PBXNativeTarget "git-treeUITests" */ = {
			isa = XCConfigurationList;
			buildConfigurations = (
				B4C76B51293248B6005AD4AD /* Debug */,
				B4C76B52293248B6005AD4AD /* Release */,
			);
			defaultConfigurationIsVisible = 0;
			defaultConfigurationName = Release;
		};
/* End XCConfigurationList section */
	};
	rootObject = B4C76B1E293248A8005AD4AD /* Project object */;
}
